// !$*UTF8*$!
{
	archiveVersion = 1;
	classes = {
	};
	objectVersion = 46;
	objects = {

/* Begin PBXBuildFile section */
		E15E45501FE52F8200E218D0 /* main.cpp in Sources */ = {isa = PBXBuildFile; fileRef = E15E454F1FE52F8200E218D0 /* main.cpp */; };
		E15E455B1FE52FA700E218D0 /* AppleGCD.cpp in Sources */ = {isa = PBXBuildFile; fileRef = E15E45561FE52FA700E218D0 /* AppleGCD.cpp */; };
		E15E455C1FE52FA700E218D0 /* cpp11_thread.cpp in Sources */ = {isa = PBXBuildFile; fileRef = E15E45571FE52FA700E218D0 /* cpp11_thread.cpp */; };
		E15E455D1FE52FA700E218D0 /* pthread.cpp in Sources */ = {isa = PBXBuildFile; fileRef = E15E45591FE52FA700E218D0 /* pthread.cpp */; };
		E15E455E1FE52FA700E218D0 /* single_process.cpp in Sources */ = {isa = PBXBuildFile; fileRef = E15E455A1FE52FA700E218D0 /* single_process.cpp */; };
/* End PBXBuildFile section */

/* Begin PBXCopyFilesBuildPhase section */
		E15E454A1FE52F8200E218D0 /* CopyFiles */ = {
			isa = PBXCopyFilesBuildPhase;
			buildActionMask = 2147483647;
			dstPath = /usr/share/man/man1/;
			dstSubfolderSpec = 0;
			files = (
			);
			runOnlyForDeploymentPostprocessing = 1;
		};
/* End PBXCopyFilesBuildPhase section */

/* Begin PBXFileReference section */
		E15E454C1FE52F8200E218D0 /* Multitread_Examples_Cplus */ = {isa = PBXFileReference; explicitFileType = "compiled.mach-o.executable"; includeInIndex = 0; path = Multitread_Examples_Cplus; sourceTree = BUILT_PRODUCTS_DIR; };
		E15E454F1FE52F8200E218D0 /* main.cpp */ = {isa = PBXFileReference; lastKnownFileType = sourcecode.cpp.cpp; path = main.cpp; sourceTree = "<group>"; };
		E15E45561FE52FA700E218D0 /* AppleGCD.cpp */ = {isa = PBXFileReference; fileEncoding = 4; lastKnownFileType = sourcecode.cpp.cpp; path = AppleGCD.cpp; sourceTree = "<group>"; };
		E15E45571FE52FA700E218D0 /* cpp11_thread.cpp */ = {isa = PBXFileReference; fileEncoding = 4; lastKnownFileType = sourcecode.cpp.cpp; path = cpp11_thread.cpp; sourceTree = "<group>"; };
		E15E45581FE52FA700E218D0 /* functions.h */ = {isa = PBXFileReference; fileEncoding = 4; lastKnownFileType = sourcecode.c.h; path = functions.h; sourceTree = "<group>"; };
		E15E45591FE52FA700E218D0 /* pthread.cpp */ = {isa = PBXFileReference; fileEncoding = 4; lastKnownFileType = sourcecode.cpp.cpp; path = pthread.cpp; sourceTree = "<group>"; };
		E15E455A1FE52FA700E218D0 /* single_process.cpp */ = {isa = PBXFileReference; fileEncoding = 4; lastKnownFileType = sourcecode.cpp.cpp; path = single_process.cpp; sourceTree = "<group>"; };
/* End PBXFileReference section */

/* Begin PBXFrameworksBuildPhase section */
		E15E45491FE52F8200E218D0 /* Frameworks */ = {
			isa = PBXFrameworksBuildPhase;
			buildActionMask = 2147483647;
			files = (
			);
			runOnlyForDeploymentPostprocessing = 0;
		};
/* End PBXFrameworksBuildPhase section */

/* Begin PBXGroup section */
		E15E45431FE52F8200E218D0 = {
			isa = PBXGroup;
			children = (
				E15E454E1FE52F8200E218D0 /* Multitread_Examples_Cplus */,
				E15E454D1FE52F8200E218D0 /* Products */,
			);
			sourceTree = "<group>";
		};
		E15E454D1FE52F8200E218D0 /* Products */ = {
			isa = PBXGroup;
			children = (
				E15E454C1FE52F8200E218D0 /* Multitread_Examples_Cplus */,
			);
			name = Products;
			sourceTree = "<group>";
		};
		E15E454E1FE52F8200E218D0 /* Multitread_Examples_Cplus */ = {
			isa = PBXGroup;
			children = (
				E15E45561FE52FA700E218D0 /* AppleGCD.cpp */,
				E15E45571FE52FA700E218D0 /* cpp11_thread.cpp */,
				E15E45581FE52FA700E218D0 /* functions.h */,
				E15E45591FE52FA700E218D0 /* pthread.cpp */,
				E15E455A1FE52FA700E218D0 /* single_process.cpp */,
				E15E454F1FE52F8200E218D0 /* main.cpp */,
			);
			path = Multitread_Examples_Cplus;
			sourceTree = "<group>";
		};
/* End PBXGroup section */

/* Begin PBXNativeTarget section */
		E15E454B1FE52F8200E218D0 /* Multitread_Examples_Cplus */ = {
			isa = PBXNativeTarget;
			buildConfigurationList = E15E45531FE52F8200E218D0 /* Build configuration list for PBXNativeTarget "Multitread_Examples_Cplus" */;
			buildPhases = (
				E15E45481FE52F8200E218D0 /* Sources */,
				E15E45491FE52F8200E218D0 /* Frameworks */,
				E15E454A1FE52F8200E218D0 /* CopyFiles */,
			);
			buildRules = (
			);
			dependencies = (
			);
			name = Multitread_Examples_Cplus;
			productName = Multitread_Examples_Cplus;
			productReference = E15E454C1FE52F8200E218D0 /* Multitread_Examples_Cplus */;
			productType = "com.apple.product-type.tool";
		};
/* End PBXNativeTarget section */

/* Begin PBXProject section */
		E15E45441FE52F8200E218D0 /* Project object */ = {
			isa = PBXProject;
			attributes = {
				LastUpgradeCheck = 0730;
				ORGANIZATIONNAME = "Sadashige Ishida";
				TargetAttributes = {
					E15E454B1FE52F8200E218D0 = {
						CreatedOnToolsVersion = 7.3.1;
					};
				};
			};
			buildConfigurationList = E15E45471FE52F8200E218D0 /* Build configuration list for PBXProject "Multitread_Examples_Cplus" */;
			compatibilityVersion = "Xcode 3.2";
			developmentRegion = English;
			hasScannedForEncodings = 0;
			knownRegions = (
				en,
			);
			mainGroup = E15E45431FE52F8200E218D0;
			productRefGroup = E15E454D1FE52F8200E218D0 /* Products */;
			projectDirPath = "";
			projectRoot = "";
			targets = (
				E15E454B1FE52F8200E218D0 /* Multitread_Examples_Cplus */,
			);
		};
/* End PBXProject section */

/* Begin PBXSourcesBuildPhase section */
		E15E45481FE52F8200E218D0 /* Sources */ = {
			isa = PBXSourcesBuildPhase;
			buildActionMask = 2147483647;
			files = (
				E15E455E1FE52FA700E218D0 /* single_process.cpp in Sources */,
				E15E455D1FE52FA700E218D0 /* pthread.cpp in Sources */,
				E15E45501FE52F8200E218D0 /* main.cpp in Sources */,
				E15E455B1FE52FA700E218D0 /* AppleGCD.cpp in Sources */,
				E15E455C1FE52FA700E218D0 /* cpp11_thread.cpp in Sources */,
			);
			runOnlyForDeploymentPostprocessing = 0;
		};
/* End PBXSourcesBuildPhase section */

/* Begin XCBuildConfiguration section */
		E15E45511FE52F8200E218D0 /* Debug */ = {
			isa = XCBuildConfiguration;
			buildSettings = {
				ALWAYS_SEARCH_USER_PATHS = NO;
				CLANG_ANALYZER_NONNULL = YES;
				CLANG_CXX_LANGUAGE_STANDARD = "c++14";
				CLANG_CXX_LIBRARY = "libc++";
				CLANG_ENABLE_MODULES = YES;
				CLANG_ENABLE_OBJC_ARC = YES;
				CLANG_WARN_BOOL_CONVERSION = YES;
				CLANG_WARN_CONSTANT_CONVERSION = YES;
				CLANG_WARN_DIRECT_OBJC_ISA_USAGE = YES_ERROR;
				CLANG_WARN_EMPTY_BODY = YES;
				CLANG_WARN_ENUM_CONVERSION = YES;
				CLANG_WARN_INT_CONVERSION = YES;
				CLANG_WARN_OBJC_ROOT_CLASS = YES_ERROR;
				CLANG_WARN_UNREACHABLE_CODE = YES;
				CLANG_WARN__DUPLICATE_METHOD_MATCH = YES;
				CODE_SIGN_IDENTITY = "-";
				COPY_PHASE_STRIP = NO;
				DEBUG_INFORMATION_FORMAT = dwarf;
				ENABLE_STRICT_OBJC_MSGSEND = YES;
				ENABLE_TESTABILITY = YES;
				GCC_C_LANGUAGE_STANDARD = gnu99;
				GCC_DYNAMIC_NO_PIC = NO;
				GCC_NO_COMMON_BLOCKS = YES;
				GCC_OPTIMIZATION_LEVEL = 0;
				GCC_PREPROCESSOR_DEFINITIONS = (
					"DEBUG=1",
					"$(inherited)",
				);
				GCC_WARN_64_TO_32_BIT_CONVERSION = YES;
				GCC_WARN_ABOUT_RETURN_TYPE = YES_ERROR;
				GCC_WARN_UNDECLARED_SELECTOR = YES;
				GCC_WARN_UNINITIALIZED_AUTOS = YES_AGGRESSIVE;
				GCC_WARN_UNUSED_FUNCTION = YES;
				GCC_WARN_UNUSED_VARIABLE = YES;
				MACOSX_DEPLOYMENT_TARGET = 10.11;
				MTL_ENABLE_DEBUG_INFO = YES;
				ONLY_ACTIVE_ARCH = YES;
				SDKROOT = macosx;
			};
			name = Debug;
		};
		E15E45521FE52F8200E218D0 /* Release */ = {
			isa = XCBuildConfiguration;
			buildSettings = {
				ALWAYS_SEARCH_USER_PATHS = NO;
				CLANG_ANALYZER_NONNULL = YES;
				CLANG_CXX_LANGUAGE_STANDARD = "c++14";
				CLANG_CXX_LIBRARY = "libc++";
				CLANG_ENABLE_MODULES = YES;
				CLANG_ENABLE_OBJC_ARC = YES;
				CLANG_WARN_BOOL_CONVERSION = YES;
				CLANG_WARN_CONSTANT_CONVERSION = YES;
				CLANG_WARN_DIRECT_OBJC_ISA_USAGE = YES_ERROR;
				CLANG_WARN_EMPTY_BODY = YES;
				CLANG_WARN_ENUM_CONVERSION = YES;
				CLANG_WARN_INT_CONVERSION = YES;
				CLANG_WARN_OBJC_ROOT_CLASS = YES_ERROR;
				CLANG_WARN_UNREACHABLE_CODE = YES;
				CLANG_WARN__DUPLICATE_METHOD_MATCH = YES;
				CODE_SIGN_IDENTITY = "-";
				COPY_PHASE_STRIP = NO;
				DEBUG_INFORMATION_FORMAT = "dwarf-with-dsym";
				ENABLE_NS_ASSERTIONS = NO;
				ENABLE_STRICT_OBJC_MSGSEND = YES;
				GCC_C_LANGUAGE_STANDARD = gnu99;
				GCC_NO_COMMON_BLOCKS = YES;
				GCC_WARN_64_TO_32_BIT_CONVERSION = YES;
				GCC_WARN_ABOUT_RETURN_TYPE = YES_ERROR;
				GCC_WARN_UNDECLARED_SELECTOR = YES;
				GCC_WARN_UNINITIALIZED_AUTOS = YES_AGGRESSIVE;
				GCC_WARN_UNUSED_FUNCTION = YES;
				GCC_WARN_UNUSED_VARIABLE = YES;
				MACOSX_DEPLOYMENT_TARGET = 10.11;
				MTL_ENABLE_DEBUG_INFO = NO;
				SDKROOT = macosx;
			};
			name = Release;
		};
		E15E45541FE52F8200E218D0 /* Debug */ = {
			isa = XCBuildConfiguration;
			buildSettings = {
				PRODUCT_NAME = "$(TARGET_NAME)";
			};
			name = Debug;
		};
		E15E45551FE52F8200E218D0 /* Release */ = {
			isa = XCBuildConfiguration;
			buildSettings = {
				PRODUCT_NAME = "$(TARGET_NAME)";
			};
			name = Release;
		};
/* End XCBuildConfiguration section */

/* Begin XCConfigurationList section */
		E15E45471FE52F8200E218D0 /* Build configuration list for PBXProject "Multitread_Examples_Cplus" */ = {
			isa = XCConfigurationList;
			buildConfigurations = (
				E15E45511FE52F8200E218D0 /* Debug */,
				E15E45521FE52F8200E218D0 /* Release */,
			);
			defaultConfigurationIsVisible = 0;
			defaultConfigurationName = Release;
		};
		E15E45531FE52F8200E218D0 /* Build configuration list for PBXNativeTarget "Multitread_Examples_Cplus" */ = {
			isa = XCConfigurationList;
			buildConfigurations = (
				E15E45541FE52F8200E218D0 /* Debug */,
				E15E45551FE52F8200E218D0 /* Release */,
			);
			defaultConfigurationIsVisible = 0;
		};
/* End XCConfigurationList section */
	};
	rootObject = E15E45441FE52F8200E218D0 /* Project object */;
}
